// !$*UTF8*$!
{
	archiveVersion = 1;
	classes = {
	};
	objectVersion = 56;
	objects = {

/* Begin PBXBuildFile section */
		BD028BE02B745E9F0048E9DF /* UIHelper.swift in Sources */ = {isa = PBXBuildFile; fileRef = BD028BDF2B745E9F0048E9DF /* UIHelper.swift */; };
		BD1E44D52B7F41A400E4253C /* GFItemInfoView.swift in Sources */ = {isa = PBXBuildFile; fileRef = BD1E44D42B7F41A400E4253C /* GFItemInfoView.swift */; };
		BD1E44D92B7F4DA900E4253C /* GFItemInfoVC.swift in Sources */ = {isa = PBXBuildFile; fileRef = BD1E44D82B7F4DA900E4253C /* GFItemInfoVC.swift */; };
		BD1E44DB2B7F4E3400E4253C /* GFRepoItemVC.swift in Sources */ = {isa = PBXBuildFile; fileRef = BD1E44DA2B7F4E3400E4253C /* GFRepoItemVC.swift */; };
		BD1E44DD2B7F508200E4253C /* GFFollowerItemVC.swift in Sources */ = {isa = PBXBuildFile; fileRef = BD1E44DC2B7F508200E4253C /* GFFollowerItemVC.swift */; };
		BD2EDF782B7B5DB1009904AA /* GFEmptyStateView.swift in Sources */ = {isa = PBXBuildFile; fileRef = BD2EDF772B7B5DB1009904AA /* GFEmptyStateView.swift */; };
		BD7813002B6CC564003D12E6 /* SearchVC.swift in Sources */ = {isa = PBXBuildFile; fileRef = BD7812FF2B6CC564003D12E6 /* SearchVC.swift */; };
		BD7813022B6CC587003D12E6 /* FavoriteVC.swift in Sources */ = {isa = PBXBuildFile; fileRef = BD7813012B6CC587003D12E6 /* FavoriteVC.swift */; };
		BD7813042B6CCF6B003D12E6 /* GFButton.swift in Sources */ = {isa = PBXBuildFile; fileRef = BD7813032B6CCF6B003D12E6 /* GFButton.swift */; };
		BD7813062B6CE1A5003D12E6 /* GFTextfield.swift in Sources */ = {isa = PBXBuildFile; fileRef = BD7813052B6CE1A5003D12E6 /* GFTextfield.swift */; };
		BD8B64D62B6F3BE000CA1C95 /* FollowerListVC.swift in Sources */ = {isa = PBXBuildFile; fileRef = BD8B64D52B6F3BE000CA1C95 /* FollowerListVC.swift */; };
		BD8B64D82B6F611600CA1C95 /* GFTitleLabel.swift in Sources */ = {isa = PBXBuildFile; fileRef = BD8B64D72B6F611600CA1C95 /* GFTitleLabel.swift */; };
		BD8B64DA2B6F62AF00CA1C95 /* GFBodyLabel.swift in Sources */ = {isa = PBXBuildFile; fileRef = BD8B64D92B6F62AF00CA1C95 /* GFBodyLabel.swift */; };
		BD8B64DE2B6F63E500CA1C95 /* GFAlertVC.swift in Sources */ = {isa = PBXBuildFile; fileRef = BD8B64DD2B6F63E500CA1C95 /* GFAlertVC.swift */; };
		BD8B64E02B6F690C00CA1C95 /* UIViewController+Extension.swift in Sources */ = {isa = PBXBuildFile; fileRef = BD8B64DF2B6F690C00CA1C95 /* UIViewController+Extension.swift */; };
		BD8B64E72B6F8DFC00CA1C95 /* Follower.swift in Sources */ = {isa = PBXBuildFile; fileRef = BD8B64E62B6F8DFC00CA1C95 /* Follower.swift */; };
		BD8B64E92B6F8E9A00CA1C95 /* User.swift in Sources */ = {isa = PBXBuildFile; fileRef = BD8B64E82B6F8E9A00CA1C95 /* User.swift */; };
		BD9CC1772B735FEF00BF1BF4 /* GFError.swift in Sources */ = {isa = PBXBuildFile; fileRef = BD9CC1762B735FEF00BF1BF4 /* GFError.swift */; };
		BD9CC17A2B737C7400BF1BF4 /* FollowerCell.swift in Sources */ = {isa = PBXBuildFile; fileRef = BD9CC1792B737C7400BF1BF4 /* FollowerCell.swift */; };
		BD9CC17C2B737CE900BF1BF4 /* GFAvatarImageView.swift in Sources */ = {isa = PBXBuildFile; fileRef = BD9CC17B2B737CE900BF1BF4 /* GFAvatarImageView.swift */; };
		BDA1A4142B6F973600BC73BF /* NetworkManager.swift in Sources */ = {isa = PBXBuildFile; fileRef = BDA1A4132B6F973600BC73BF /* NetworkManager.swift */; };
		BDB079902B8398C300E21637 /* Persistence Manager.swift in Sources */ = {isa = PBXBuildFile; fileRef = BDB0798F2B8398C300E21637 /* Persistence Manager.swift */; };
		BDB079942B84645200E21637 /* FavoriteCell.swift in Sources */ = {isa = PBXBuildFile; fileRef = BDB079932B84645200E21637 /* FavoriteCell.swift */; };
		BDCEE7972B7F0883009B4F9D /* GFUserInfoHeaderVC.swift in Sources */ = {isa = PBXBuildFile; fileRef = BDCEE7962B7F0883009B4F9D /* GFUserInfoHeaderVC.swift */; };
		BDCEE7992B7F08E6009B4F9D /* GFSecondaryTitleLabel.swift in Sources */ = {isa = PBXBuildFile; fileRef = BDCEE7982B7F08E6009B4F9D /* GFSecondaryTitleLabel.swift */; };
		BDCEE79B2B7F144A009B4F9D /* Constants.swift in Sources */ = {isa = PBXBuildFile; fileRef = BDCEE79A2B7F144A009B4F9D /* Constants.swift */; };
		BDE85E482B8071520016F557 /* Date+Ext.swift in Sources */ = {isa = PBXBuildFile; fileRef = BDE85E472B8071520016F557 /* Date+Ext.swift */; };
		BDE85E4A2B80718A0016F557 /* String+Ext.swift in Sources */ = {isa = PBXBuildFile; fileRef = BDE85E492B80718A0016F557 /* String+Ext.swift */; };
		BDEBF3442B7E52FB00BC0009 /* UserInfoVC.swift in Sources */ = {isa = PBXBuildFile; fileRef = BDEBF3432B7E52FB00BC0009 /* UserInfoVC.swift */; };
		BDF6D8992B6CB5AF00778BED /* AppDelegate.swift in Sources */ = {isa = PBXBuildFile; fileRef = BDF6D8982B6CB5AF00778BED /* AppDelegate.swift */; };
		BDF6D89B2B6CB5AF00778BED /* SceneDelegate.swift in Sources */ = {isa = PBXBuildFile; fileRef = BDF6D89A2B6CB5AF00778BED /* SceneDelegate.swift */; };
		BDF6D89D2B6CB5AF00778BED /* ViewController.swift in Sources */ = {isa = PBXBuildFile; fileRef = BDF6D89C2B6CB5AF00778BED /* ViewController.swift */; };
		BDF6D8A22B6CB5B100778BED /* Assets.xcassets in Resources */ = {isa = PBXBuildFile; fileRef = BDF6D8A12B6CB5B100778BED /* Assets.xcassets */; };
		BDF6D8A52B6CB5B100778BED /* LaunchScreen.storyboard in Resources */ = {isa = PBXBuildFile; fileRef = BDF6D8A32B6CB5B100778BED /* LaunchScreen.storyboard */; };
/* End PBXBuildFile section */

/* Begin PBXFileReference section */
		BD028BDF2B745E9F0048E9DF /* UIHelper.swift */ = {isa = PBXFileReference; lastKnownFileType = sourcecode.swift; path = UIHelper.swift; sourceTree = "<group>"; };
		BD1E44D42B7F41A400E4253C /* GFItemInfoView.swift */ = {isa = PBXFileReference; lastKnownFileType = sourcecode.swift; path = GFItemInfoView.swift; sourceTree = "<group>"; };
		BD1E44D82B7F4DA900E4253C /* GFItemInfoVC.swift */ = {isa = PBXFileReference; lastKnownFileType = sourcecode.swift; path = GFItemInfoVC.swift; sourceTree = "<group>"; };
		BD1E44DA2B7F4E3400E4253C /* GFRepoItemVC.swift */ = {isa = PBXFileReference; lastKnownFileType = sourcecode.swift; path = GFRepoItemVC.swift; sourceTree = "<group>"; };
		BD1E44DC2B7F508200E4253C /* GFFollowerItemVC.swift */ = {isa = PBXFileReference; lastKnownFileType = sourcecode.swift; path = GFFollowerItemVC.swift; sourceTree = "<group>"; };
		BD2EDF772B7B5DB1009904AA /* GFEmptyStateView.swift */ = {isa = PBXFileReference; lastKnownFileType = sourcecode.swift; path = GFEmptyStateView.swift; sourceTree = "<group>"; };
		BD7812FF2B6CC564003D12E6 /* SearchVC.swift */ = {isa = PBXFileReference; lastKnownFileType = sourcecode.swift; path = SearchVC.swift; sourceTree = "<group>"; };
		BD7813012B6CC587003D12E6 /* FavoriteVC.swift */ = {isa = PBXFileReference; lastKnownFileType = sourcecode.swift; path = FavoriteVC.swift; sourceTree = "<group>"; };
		BD7813032B6CCF6B003D12E6 /* GFButton.swift */ = {isa = PBXFileReference; lastKnownFileType = sourcecode.swift; path = GFButton.swift; sourceTree = "<group>"; };
		BD7813052B6CE1A5003D12E6 /* GFTextfield.swift */ = {isa = PBXFileReference; lastKnownFileType = sourcecode.swift; path = GFTextfield.swift; sourceTree = "<group>"; };
		BD8B64D52B6F3BE000CA1C95 /* FollowerListVC.swift */ = {isa = PBXFileReference; lastKnownFileType = sourcecode.swift; path = FollowerListVC.swift; sourceTree = "<group>"; };
		BD8B64D72B6F611600CA1C95 /* GFTitleLabel.swift */ = {isa = PBXFileReference; lastKnownFileType = sourcecode.swift; path = GFTitleLabel.swift; sourceTree = "<group>"; };
		BD8B64D92B6F62AF00CA1C95 /* GFBodyLabel.swift */ = {isa = PBXFileReference; lastKnownFileType = sourcecode.swift; path = GFBodyLabel.swift; sourceTree = "<group>"; };
		BD8B64DD2B6F63E500CA1C95 /* GFAlertVC.swift */ = {isa = PBXFileReference; lastKnownFileType = sourcecode.swift; path = GFAlertVC.swift; sourceTree = "<group>"; };
		BD8B64DF2B6F690C00CA1C95 /* UIViewController+Extension.swift */ = {isa = PBXFileReference; lastKnownFileType = sourcecode.swift; path = "UIViewController+Extension.swift"; sourceTree = "<group>"; };
		BD8B64E62B6F8DFC00CA1C95 /* Follower.swift */ = {isa = PBXFileReference; lastKnownFileType = sourcecode.swift; path = Follower.swift; sourceTree = "<group>"; };
		BD8B64E82B6F8E9A00CA1C95 /* User.swift */ = {isa = PBXFileReference; lastKnownFileType = sourcecode.swift; path = User.swift; sourceTree = "<group>"; };
		BD9CC1762B735FEF00BF1BF4 /* GFError.swift */ = {isa = PBXFileReference; lastKnownFileType = sourcecode.swift; path = GFError.swift; sourceTree = "<group>"; };
		BD9CC1792B737C7400BF1BF4 /* FollowerCell.swift */ = {isa = PBXFileReference; lastKnownFileType = sourcecode.swift; path = FollowerCell.swift; sourceTree = "<group>"; };
		BD9CC17B2B737CE900BF1BF4 /* GFAvatarImageView.swift */ = {isa = PBXFileReference; lastKnownFileType = sourcecode.swift; path = GFAvatarImageView.swift; sourceTree = "<group>"; };
		BDA1A4132B6F973600BC73BF /* NetworkManager.swift */ = {isa = PBXFileReference; lastKnownFileType = sourcecode.swift; path = NetworkManager.swift; sourceTree = "<group>"; };
		BDB0798F2B8398C300E21637 /* Persistence Manager.swift */ = {isa = PBXFileReference; lastKnownFileType = sourcecode.swift; path = "Persistence Manager.swift"; sourceTree = "<group>"; };
		BDB079932B84645200E21637 /* FavoriteCell.swift */ = {isa = PBXFileReference; lastKnownFileType = sourcecode.swift; path = FavoriteCell.swift; sourceTree = "<group>"; };
		BDCEE7962B7F0883009B4F9D /* GFUserInfoHeaderVC.swift */ = {isa = PBXFileReference; lastKnownFileType = sourcecode.swift; path = GFUserInfoHeaderVC.swift; sourceTree = "<group>"; };
		BDCEE7982B7F08E6009B4F9D /* GFSecondaryTitleLabel.swift */ = {isa = PBXFileReference; lastKnownFileType = sourcecode.swift; path = GFSecondaryTitleLabel.swift; sourceTree = "<group>"; };
		BDCEE79A2B7F144A009B4F9D /* Constants.swift */ = {isa = PBXFileReference; lastKnownFileType = sourcecode.swift; path = Constants.swift; sourceTree = "<group>"; };
		BDD9B6FF2B6F94270014C57F /* Info.plist */ = {isa = PBXFileReference; fileEncoding = 4; lastKnownFileType = text.plist.xml; path = Info.plist; sourceTree = "<group>"; };
		BDE85E472B8071520016F557 /* Date+Ext.swift */ = {isa = PBXFileReference; lastKnownFileType = sourcecode.swift; path = "Date+Ext.swift"; sourceTree = "<group>"; };
		BDE85E492B80718A0016F557 /* String+Ext.swift */ = {isa = PBXFileReference; lastKnownFileType = sourcecode.swift; path = "String+Ext.swift"; sourceTree = "<group>"; };
		BDEBF3432B7E52FB00BC0009 /* UserInfoVC.swift */ = {isa = PBXFileReference; lastKnownFileType = sourcecode.swift; path = UserInfoVC.swift; sourceTree = "<group>"; };
		BDF6D8952B6CB5AF00778BED /* GhFollowers.app */ = {isa = PBXFileReference; explicitFileType = wrapper.application; includeInIndex = 0; path = GhFollowers.app; sourceTree = BUILT_PRODUCTS_DIR; };
		BDF6D8982B6CB5AF00778BED /* AppDelegate.swift */ = {isa = PBXFileReference; lastKnownFileType = sourcecode.swift; path = AppDelegate.swift; sourceTree = "<group>"; };
		BDF6D89A2B6CB5AF00778BED /* SceneDelegate.swift */ = {isa = PBXFileReference; lastKnownFileType = sourcecode.swift; path = SceneDelegate.swift; sourceTree = "<group>"; };
		BDF6D89C2B6CB5AF00778BED /* ViewController.swift */ = {isa = PBXFileReference; lastKnownFileType = sourcecode.swift; path = ViewController.swift; sourceTree = "<group>"; };
		BDF6D8A12B6CB5B100778BED /* Assets.xcassets */ = {isa = PBXFileReference; lastKnownFileType = folder.assetcatalog; path = Assets.xcassets; sourceTree = "<group>"; };
		BDF6D8A42B6CB5B100778BED /* Base */ = {isa = PBXFileReference; lastKnownFileType = file.storyboard; name = Base; path = Base.lproj/LaunchScreen.storyboard; sourceTree = "<group>"; };
/* End PBXFileReference section */

/* Begin PBXFrameworksBuildPhase section */
		BDF6D8922B6CB5AF00778BED /* Frameworks */ = {
			isa = PBXFrameworksBuildPhase;
			buildActionMask = 2147483647;
			files = (
			);
			runOnlyForDeploymentPostprocessing = 0;
		};
/* End PBXFrameworksBuildPhase section */

/* Begin PBXGroup section */
		BD1E44DE2B7F514C00E4253C /* ItemInfoVC */ = {
			isa = PBXGroup;
			children = (
				BD1E44D82B7F4DA900E4253C /* GFItemInfoVC.swift */,
				BD1E44DA2B7F4E3400E4253C /* GFRepoItemVC.swift */,
				BD1E44DC2B7F508200E4253C /* GFFollowerItemVC.swift */,
			);
			path = ItemInfoVC;
			sourceTree = "<group>";
		};
		BD2EDF712B7B5D60009904AA /* Views */ = {
			isa = PBXGroup;
			children = (
				BD2EDF772B7B5DB1009904AA /* GFEmptyStateView.swift */,
				BD1E44D42B7F41A400E4253C /* GFItemInfoView.swift */,
			);
			path = Views;
			sourceTree = "<group>";
		};
		BD2EDF722B7B5D68009904AA /* Buttons */ = {
			isa = PBXGroup;
			children = (
				BD7813032B6CCF6B003D12E6 /* GFButton.swift */,
			);
			path = Buttons;
			sourceTree = "<group>";
		};
		BD2EDF732B7B5D6D009904AA /* Textfields */ = {
			isa = PBXGroup;
			children = (
				BD7813052B6CE1A5003D12E6 /* GFTextfield.swift */,
			);
			path = Textfields;
			sourceTree = "<group>";
		};
		BD2EDF742B7B5D72009904AA /* ImageViews */ = {
			isa = PBXGroup;
			children = (
				BD9CC17B2B737CE900BF1BF4 /* GFAvatarImageView.swift */,
			);
			path = ImageViews;
			sourceTree = "<group>";
		};
		BD2EDF752B7B5D76009904AA /* ViewController */ = {
			isa = PBXGroup;
			children = (
				BD1E44DE2B7F514C00E4253C /* ItemInfoVC */,
				BD8B64DD2B6F63E500CA1C95 /* GFAlertVC.swift */,
				BDCEE7962B7F0883009B4F9D /* GFUserInfoHeaderVC.swift */,
			);
			path = ViewController;
			sourceTree = "<group>";
		};
		BD2EDF762B7B5D8D009904AA /* Labels */ = {
			isa = PBXGroup;
			children = (
				BD8B64D72B6F611600CA1C95 /* GFTitleLabel.swift */,
				BDCEE7982B7F08E6009B4F9D /* GFSecondaryTitleLabel.swift */,
				BD8B64D92B6F62AF00CA1C95 /* GFBodyLabel.swift */,
			);
			path = Labels;
			sourceTree = "<group>";
		};
		BD8B64E12B6F770600CA1C95 /* Screens */ = {
			isa = PBXGroup;
			children = (
				BD7812FF2B6CC564003D12E6 /* SearchVC.swift */,
				BD8B64D52B6F3BE000CA1C95 /* FollowerListVC.swift */,
				BD7813012B6CC587003D12E6 /* FavoriteVC.swift */,
				BDEBF3432B7E52FB00BC0009 /* UserInfoVC.swift */,
			);
			path = Screens;
			sourceTree = "<group>";
		};
		BD8B64E22B6F773300CA1C95 /* CustomViews */ = {
			isa = PBXGroup;
			children = (
				BD2EDF762B7B5D8D009904AA /* Labels */,
				BD2EDF752B7B5D76009904AA /* ViewController */,
				BD2EDF742B7B5D72009904AA /* ImageViews */,
				BD2EDF732B7B5D6D009904AA /* Textfields */,
				BD2EDF722B7B5D68009904AA /* Buttons */,
				BD2EDF712B7B5D60009904AA /* Views */,
				BD9CC1782B737C5700BF1BF4 /* Cells */,
			);
			path = CustomViews;
			sourceTree = "<group>";
		};
		BD8B64E32B6F775A00CA1C95 /* Extension */ = {
			isa = PBXGroup;
			children = (
				BD8B64DF2B6F690C00CA1C95 /* UIViewController+Extension.swift */,
				BDE85E472B8071520016F557 /* Date+Ext.swift */,
				BDE85E492B80718A0016F557 /* String+Ext.swift */,
			);
			path = Extension;
			sourceTree = "<group>";
		};
		BD8B64E42B6F77BB00CA1C95 /* Support */ = {
			isa = PBXGroup;
			children = (
				BDF6D8982B6CB5AF00778BED /* AppDelegate.swift */,
				BDF6D89A2B6CB5AF00778BED /* SceneDelegate.swift */,
				BDF6D89C2B6CB5AF00778BED /* ViewController.swift */,
				BDF6D8A12B6CB5B100778BED /* Assets.xcassets */,
				BDF6D8A32B6CB5B100778BED /* LaunchScreen.storyboard */,
			);
			path = Support;
			sourceTree = "<group>";
		};
		BD8B64E52B6F8DF100CA1C95 /* Model */ = {
			isa = PBXGroup;
			children = (
				BD8B64E62B6F8DFC00CA1C95 /* Follower.swift */,
				BD8B64E82B6F8E9A00CA1C95 /* User.swift */,
			);
			path = Model;
			sourceTree = "<group>";
		};
		BD9CC1752B735FDE00BF1BF4 /* Utilities */ = {
			isa = PBXGroup;
			children = (
				BD9CC1762B735FEF00BF1BF4 /* GFError.swift */,
				BDCEE79A2B7F144A009B4F9D /* Constants.swift */,
				BD028BDF2B745E9F0048E9DF /* UIHelper.swift */,
			);
			path = Utilities;
			sourceTree = "<group>";
		};
		BD9CC1782B737C5700BF1BF4 /* Cells */ = {
			isa = PBXGroup;
			children = (
				BD9CC1792B737C7400BF1BF4 /* FollowerCell.swift */,
				BDB079932B84645200E21637 /* FavoriteCell.swift */,
			);
			path = Cells;
			sourceTree = "<group>";
		};
		BDA1A4122B6F972500BC73BF /* Managers */ = {
			isa = PBXGroup;
			children = (
				BDA1A4132B6F973600BC73BF /* NetworkManager.swift */,
				BDB0798F2B8398C300E21637 /* Persistence Manager.swift */,
			);
			path = Managers;
			sourceTree = "<group>";
		};
		BDF6D88C2B6CB5AF00778BED = {
			isa = PBXGroup;
			children = (
				BDF6D8972B6CB5AF00778BED /* GhFollowers */,
				BDF6D8962B6CB5AF00778BED /* Products */,
			);
			sourceTree = "<group>";
		};
		BDF6D8962B6CB5AF00778BED /* Products */ = {
			isa = PBXGroup;
			children = (
				BDF6D8952B6CB5AF00778BED /* GhFollowers.app */,
			);
			name = Products;
			sourceTree = "<group>";
		};
		BDF6D8972B6CB5AF00778BED /* GhFollowers */ = {
			isa = PBXGroup;
			children = (
				BD9CC1752B735FDE00BF1BF4 /* Utilities */,
				BDA1A4122B6F972500BC73BF /* Managers */,
				BD8B64E52B6F8DF100CA1C95 /* Model */,
				BD8B64E42B6F77BB00CA1C95 /* Support */,
				BD8B64E32B6F775A00CA1C95 /* Extension */,
				BD8B64E22B6F773300CA1C95 /* CustomViews */,
				BD8B64E12B6F770600CA1C95 /* Screens */,
				BDD9B6FF2B6F94270014C57F /* Info.plist */,
			);
			path = GhFollowers;
			sourceTree = "<group>";
		};
/* End PBXGroup section */

/* Begin PBXNativeTarget section */
		BDF6D8942B6CB5AF00778BED /* GhFollowers */ = {
			isa = PBXNativeTarget;
			buildConfigurationList = BDF6D8A92B6CB5B100778BED /* Build configuration list for PBXNativeTarget "GhFollowers" */;
			buildPhases = (
				BDF6D8912B6CB5AF00778BED /* Sources */,
				BDF6D8922B6CB5AF00778BED /* Frameworks */,
				BDF6D8932B6CB5AF00778BED /* Resources */,
			);
			buildRules = (
			);
			dependencies = (
			);
			name = GhFollowers;
			productName = GhFollowers;
			productReference = BDF6D8952B6CB5AF00778BED /* GhFollowers.app */;
			productType = "com.apple.product-type.application";
		};
/* End PBXNativeTarget section */

/* Begin PBXProject section */
		BDF6D88D2B6CB5AF00778BED /* Project object */ = {
			isa = PBXProject;
			attributes = {
				BuildIndependentTargetsInParallel = 1;
				LastSwiftUpdateCheck = 1520;
				LastUpgradeCheck = 1520;
				TargetAttributes = {
					BDF6D8942B6CB5AF00778BED = {
						CreatedOnToolsVersion = 15.2;
					};
				};
			};
			buildConfigurationList = BDF6D8902B6CB5AF00778BED /* Build configuration list for PBXProject "GhFollowers" */;
			compatibilityVersion = "Xcode 14.0";
			developmentRegion = en;
			hasScannedForEncodings = 0;
			knownRegions = (
				en,
				Base,
			);
			mainGroup = BDF6D88C2B6CB5AF00778BED;
			productRefGroup = BDF6D8962B6CB5AF00778BED /* Products */;
			projectDirPath = "";
			projectRoot = "";
			targets = (
				BDF6D8942B6CB5AF00778BED /* GhFollowers */,
			);
		};
/* End PBXProject section */

/* Begin PBXResourcesBuildPhase section */
		BDF6D8932B6CB5AF00778BED /* Resources */ = {
			isa = PBXResourcesBuildPhase;
			buildActionMask = 2147483647;
			files = (
				BDF6D8A52B6CB5B100778BED /* LaunchScreen.storyboard in Resources */,
				BDF6D8A22B6CB5B100778BED /* Assets.xcassets in Resources */,
			);
			runOnlyForDeploymentPostprocessing = 0;
		};
/* End PBXResourcesBuildPhase section */

/* Begin PBXSourcesBuildPhase section */
		BDF6D8912B6CB5AF00778BED /* Sources */ = {
			isa = PBXSourcesBuildPhase;
			buildActionMask = 2147483647;
			files = (
				BD8B64E02B6F690C00CA1C95 /* UIViewController+Extension.swift in Sources */,
				BD7813002B6CC564003D12E6 /* SearchVC.swift in Sources */,
				BDF6D89D2B6CB5AF00778BED /* ViewController.swift in Sources */,
				BDCEE7972B7F0883009B4F9D /* GFUserInfoHeaderVC.swift in Sources */,
				BD7813062B6CE1A5003D12E6 /* GFTextfield.swift in Sources */,
				BD7813042B6CCF6B003D12E6 /* GFButton.swift in Sources */,
				BD2EDF782B7B5DB1009904AA /* GFEmptyStateView.swift in Sources */,
				BDCEE7992B7F08E6009B4F9D /* GFSecondaryTitleLabel.swift in Sources */,
				BDF6D8992B6CB5AF00778BED /* AppDelegate.swift in Sources */,
				BD8B64E92B6F8E9A00CA1C95 /* User.swift in Sources */,
				BD9CC17A2B737C7400BF1BF4 /* FollowerCell.swift in Sources */,
				BD9CC17C2B737CE900BF1BF4 /* GFAvatarImageView.swift in Sources */,
				BD1E44DB2B7F4E3400E4253C /* GFRepoItemVC.swift in Sources */,
				BDB079942B84645200E21637 /* FavoriteCell.swift in Sources */,
				BD8B64DE2B6F63E500CA1C95 /* GFAlertVC.swift in Sources */,
				BDEBF3442B7E52FB00BC0009 /* UserInfoVC.swift in Sources */,
				BD8B64E72B6F8DFC00CA1C95 /* Follower.swift in Sources */,
				BDF6D89B2B6CB5AF00778BED /* SceneDelegate.swift in Sources */,
				BDB079902B8398C300E21637 /* Persistence Manager.swift in Sources */,
				BD8B64D82B6F611600CA1C95 /* GFTitleLabel.swift in Sources */,
				BDE85E4A2B80718A0016F557 /* String+Ext.swift in Sources */,
				BD8B64D62B6F3BE000CA1C95 /* FollowerListVC.swift in Sources */,
				BD1E44D92B7F4DA900E4253C /* GFItemInfoVC.swift in Sources */,
				BD1E44DD2B7F508200E4253C /* GFFollowerItemVC.swift in Sources */,
				BD9CC1772B735FEF00BF1BF4 /* GFError.swift in Sources */,
				BD028BE02B745E9F0048E9DF /* UIHelper.swift in Sources */,
				BDE85E482B8071520016F557 /* Date+Ext.swift in Sources */,
				BDA1A4142B6F973600BC73BF /* NetworkManager.swift in Sources */,
				BD7813022B6CC587003D12E6 /* FavoriteVC.swift in Sources */,
				BD1E44D52B7F41A400E4253C /* GFItemInfoView.swift in Sources */,
				BD8B64DA2B6F62AF00CA1C95 /* GFBodyLabel.swift in Sources */,
				BDCEE79B2B7F144A009B4F9D /* Constants.swift in Sources */,
			);
			runOnlyForDeploymentPostprocessing = 0;
		};
/* End PBXSourcesBuildPhase section */

/* Begin PBXVariantGroup section */
		BDF6D8A32B6CB5B100778BED /* LaunchScreen.storyboard */ = {
			isa = PBXVariantGroup;
			children = (
				BDF6D8A42B6CB5B100778BED /* Base */,
			);
			name = LaunchScreen.storyboard;
			sourceTree = "<group>";
		};
/* End PBXVariantGroup section */

/* Begin XCBuildConfiguration section */
		BDF6D8A72B6CB5B100778BED /* Debug */ = {
			isa = XCBuildConfiguration;
			buildSettings = {
				ALWAYS_SEARCH_USER_PATHS = NO;
				ASSETCATALOG_COMPILER_GENERATE_SWIFT_ASSET_SYMBOL_EXTENSIONS = YES;
				CLANG_ANALYZER_NONNULL = YES;
				CLANG_ANALYZER_NUMBER_OBJECT_CONVERSION = YES_AGGRESSIVE;
				CLANG_CXX_LANGUAGE_STANDARD = "gnu++20";
				CLANG_ENABLE_MODULES = YES;
				CLANG_ENABLE_OBJC_ARC = YES;
				CLANG_ENABLE_OBJC_WEAK = YES;
				CLANG_WARN_BLOCK_CAPTURE_AUTORELEASING = YES;
				CLANG_WARN_BOOL_CONVERSION = YES;
				CLANG_WARN_COMMA = YES;
				CLANG_WARN_CONSTANT_CONVERSION = YES;
				CLANG_WARN_DEPRECATED_OBJC_IMPLEMENTATIONS = YES;
				CLANG_WARN_DIRECT_OBJC_ISA_USAGE = YES_ERROR;
				CLANG_WARN_DOCUMENTATION_COMMENTS = YES;
				CLANG_WARN_EMPTY_BODY = YES;
				CLANG_WARN_ENUM_CONVERSION = YES;
				CLANG_WARN_INFINITE_RECURSION = YES;
				CLANG_WARN_INT_CONVERSION = YES;
				CLANG_WARN_NON_LITERAL_NULL_CONVERSION = YES;
				CLANG_WARN_OBJC_IMPLICIT_RETAIN_SELF = YES;
				CLANG_WARN_OBJC_LITERAL_CONVERSION = YES;
				CLANG_WARN_OBJC_ROOT_CLASS = YES_ERROR;
				CLANG_WARN_QUOTED_INCLUDE_IN_FRAMEWORK_HEADER = YES;
				CLANG_WARN_RANGE_LOOP_ANALYSIS = YES;
				CLANG_WARN_STRICT_PROTOTYPES = YES;
				CLANG_WARN_SUSPICIOUS_MOVE = YES;
				CLANG_WARN_UNGUARDED_AVAILABILITY = YES_AGGRESSIVE;
				CLANG_WARN_UNREACHABLE_CODE = YES;
				CLANG_WARN__DUPLICATE_METHOD_MATCH = YES;
				COPY_PHASE_STRIP = NO;
				DEBUG_INFORMATION_FORMAT = dwarf;
				ENABLE_STRICT_OBJC_MSGSEND = YES;
				ENABLE_TESTABILITY = YES;
				ENABLE_USER_SCRIPT_SANDBOXING = YES;
				GCC_C_LANGUAGE_STANDARD = gnu17;
				GCC_DYNAMIC_NO_PIC = NO;
				GCC_NO_COMMON_BLOCKS = YES;
				GCC_OPTIMIZATION_LEVEL = 0;
				GCC_PREPROCESSOR_DEFINITIONS = (
					"DEBUG=1",
					"$(inherited)",
				);
				GCC_WARN_64_TO_32_BIT_CONVERSION = YES;
				GCC_WARN_ABOUT_RETURN_TYPE = YES_ERROR;
				GCC_WARN_UNDECLARED_SELECTOR = YES;
				GCC_WARN_UNINITIALIZED_AUTOS = YES_AGGRESSIVE;
				GCC_WARN_UNUSED_FUNCTION = YES;
				GCC_WARN_UNUSED_VARIABLE = YES;
				IPHONEOS_DEPLOYMENT_TARGET = 17.2;
				LOCALIZATION_PREFERS_STRING_CATALOGS = YES;
				MTL_ENABLE_DEBUG_INFO = INCLUDE_SOURCE;
				MTL_FAST_MATH = YES;
				ONLY_ACTIVE_ARCH = YES;
				SDKROOT = iphoneos;
				SWIFT_ACTIVE_COMPILATION_CONDITIONS = "DEBUG $(inherited)";
				SWIFT_OPTIMIZATION_LEVEL = "-Onone";
			};
			name = Debug;
		};
		BDF6D8A82B6CB5B100778BED /* Release */ = {
			isa = XCBuildConfiguration;
			buildSettings = {
				ALWAYS_SEARCH_USER_PATHS = NO;
				ASSETCATALOG_COMPILER_GENERATE_SWIFT_ASSET_SYMBOL_EXTENSIONS = YES;
				CLANG_ANALYZER_NONNULL = YES;
				CLANG_ANALYZER_NUMBER_OBJECT_CONVERSION = YES_AGGRESSIVE;
				CLANG_CXX_LANGUAGE_STANDARD = "gnu++20";
				CLANG_ENABLE_MODULES = YES;
				CLANG_ENABLE_OBJC_ARC = YES;
				CLANG_ENABLE_OBJC_WEAK = YES;
				CLANG_WARN_BLOCK_CAPTURE_AUTORELEASING = YES;
				CLANG_WARN_BOOL_CONVERSION = YES;
				CLANG_WARN_COMMA = YES;
				CLANG_WARN_CONSTANT_CONVERSION = YES;
				CLANG_WARN_DEPRECATED_OBJC_IMPLEMENTATIONS = YES;
				CLANG_WARN_DIRECT_OBJC_ISA_USAGE = YES_ERROR;
				CLANG_WARN_DOCUMENTATION_COMMENTS = YES;
				CLANG_WARN_EMPTY_BODY = YES;
				CLANG_WARN_ENUM_CONVERSION = YES;
				CLANG_WARN_INFINITE_RECURSION = YES;
				CLANG_WARN_INT_CONVERSION = YES;
				CLANG_WARN_NON_LITERAL_NULL_CONVERSION = YES;
				CLANG_WARN_OBJC_IMPLICIT_RETAIN_SELF = YES;
				CLANG_WARN_OBJC_LITERAL_CONVERSION = YES;
				CLANG_WARN_OBJC_ROOT_CLASS = YES_ERROR;
				CLANG_WARN_QUOTED_INCLUDE_IN_FRAMEWORK_HEADER = YES;
				CLANG_WARN_RANGE_LOOP_ANALYSIS = YES;
				CLANG_WARN_STRICT_PROTOTYPES = YES;
				CLANG_WARN_SUSPICIOUS_MOVE = YES;
				CLANG_WARN_UNGUARDED_AVAILABILITY = YES_AGGRESSIVE;
				CLANG_WARN_UNREACHABLE_CODE = YES;
				CLANG_WARN__DUPLICATE_METHOD_MATCH = YES;
				COPY_PHASE_STRIP = NO;
				DEBUG_INFORMATION_FORMAT = "dwarf-with-dsym";
				ENABLE_NS_ASSERTIONS = NO;
				ENABLE_STRICT_OBJC_MSGSEND = YES;
				ENABLE_USER_SCRIPT_SANDBOXING = YES;
				GCC_C_LANGUAGE_STANDARD = gnu17;
				GCC_NO_COMMON_BLOCKS = YES;
				GCC_WARN_64_TO_32_BIT_CONVERSION = YES;
				GCC_WARN_ABOUT_RETURN_TYPE = YES_ERROR;
				GCC_WARN_UNDECLARED_SELECTOR = YES;
				GCC_WARN_UNINITIALIZED_AUTOS = YES_AGGRESSIVE;
				GCC_WARN_UNUSED_FUNCTION = YES;
				GCC_WARN_UNUSED_VARIABLE = YES;
				IPHONEOS_DEPLOYMENT_TARGET = 17.2;
				LOCALIZATION_PREFERS_STRING_CATALOGS = YES;
				MTL_ENABLE_DEBUG_INFO = NO;
				MTL_FAST_MATH = YES;
				SDKROOT = iphoneos;
				SWIFT_COMPILATION_MODE = wholemodule;
				VALIDATE_PRODUCT = YES;
			};
			name = Release;
		};
		BDF6D8AA2B6CB5B100778BED /* Debug */ = {
			isa = XCBuildConfiguration;
			buildSettings = {
				ASSETCATALOG_COMPILER_APPICON_NAME = AppIcon;
				ASSETCATALOG_COMPILER_GLOBAL_ACCENT_COLOR_NAME = AccentColor;
				CODE_SIGN_STYLE = Automatic;
				CURRENT_PROJECT_VERSION = 1;
				DEVELOPMENT_TEAM = 2W6JX5D446;
				GENERATE_INFOPLIST_FILE = YES;
				INFOPLIST_FILE = GhFollowers/Info.plist;
				INFOPLIST_KEY_UIApplicationSupportsIndirectInputEvents = YES;
				INFOPLIST_KEY_UILaunchStoryboardName = LaunchScreen;
				INFOPLIST_KEY_UISupportedInterfaceOrientations = UIInterfaceOrientationPortrait;
				INFOPLIST_KEY_UISupportedInterfaceOrientations_iPad = "UIInterfaceOrientationPortrait UIInterfaceOrientationPortraitUpsideDown";
				IPHONEOS_DEPLOYMENT_TARGET = 16.0;
				LD_RUNPATH_SEARCH_PATHS = (
					"$(inherited)",
					"@executable_path/Frameworks",
				);
				MARKETING_VERSION = 1.0;
				PRODUCT_BUNDLE_IDENTIFIER = jackLee.GhFollowers;
				PRODUCT_NAME = "$(TARGET_NAME)";
				SUPPORTED_PLATFORMS = "iphoneos iphonesimulator";
				SUPPORTS_MACCATALYST = NO;
				SWIFT_EMIT_LOC_STRINGS = YES;
				SWIFT_VERSION = 5.0;
				TARGETED_DEVICE_FAMILY = 1;
			};
			name = Debug;
		};
		BDF6D8AB2B6CB5B100778BED /* Release */ = {
			isa = XCBuildConfiguration;
			buildSettings = {
				ASSETCATALOG_COMPILER_APPICON_NAME = AppIcon;
				ASSETCATALOG_COMPILER_GLOBAL_ACCENT_COLOR_NAME = AccentColor;
				CODE_SIGN_STYLE = Automatic;
				CURRENT_PROJECT_VERSION = 1;
				DEVELOPMENT_TEAM = 2W6JX5D446;
				GENERATE_INFOPLIST_FILE = YES;
				INFOPLIST_FILE = GhFollowers/Info.plist;
				INFOPLIST_KEY_UIApplicationSupportsIndirectInputEvents = YES;
				INFOPLIST_KEY_UILaunchStoryboardName = LaunchScreen;
				INFOPLIST_KEY_UISupportedInterfaceOrientations = UIInterfaceOrientationPortrait;
				INFOPLIST_KEY_UISupportedInterfaceOrientations_iPad = "UIInterfaceOrientationPortrait UIInterfaceOrientationPortraitUpsideDown";
				IPHONEOS_DEPLOYMENT_TARGET = 16.0;
				LD_RUNPATH_SEARCH_PATHS = (
					"$(inherited)",
					"@executable_path/Frameworks",
				);
				MARKETING_VERSION = 1.0;
				PRODUCT_BUNDLE_IDENTIFIER = jackLee.GhFollowers;
				PRODUCT_NAME = "$(TARGET_NAME)";
				SUPPORTED_PLATFORMS = "iphoneos iphonesimulator";
				SUPPORTS_MACCATALYST = NO;
				SWIFT_EMIT_LOC_STRINGS = YES;
				SWIFT_VERSION = 5.0;
				TARGETED_DEVICE_FAMILY = 1;
			};
			name = Release;
		};
/* End XCBuildConfiguration section */

/* Begin XCConfigurationList section */
		BDF6D8902B6CB5AF00778BED /* Build configuration list for PBXProject "GhFollowers" */ = {
			isa = XCConfigurationList;
			buildConfigurations = (
				BDF6D8A72B6CB5B100778BED /* Debug */,
				BDF6D8A82B6CB5B100778BED /* Release */,
			);
			defaultConfigurationIsVisible = 0;
			defaultConfigurationName = Release;
		};
		BDF6D8A92B6CB5B100778BED /* Build configuration list for PBXNativeTarget "GhFollowers" */ = {
			isa = XCConfigurationList;
			buildConfigurations = (
				BDF6D8AA2B6CB5B100778BED /* Debug */,
				BDF6D8AB2B6CB5B100778BED /* Release */,
			);
			defaultConfigurationIsVisible = 0;
			defaultConfigurationName = Release;
		};
/* End XCConfigurationList section */
	};
	rootObject = BDF6D88D2B6CB5AF00778BED /* Project object */;
}
