// !$*UTF8*$!
{
	archiveVersion = 1;
	classes = {
	};
	objectVersion = 56;
	objects = {

/* Begin PBXBuildFile section */
		BD7813002B6CC564003D12E6 /* SearchVC.swift in Sources */ = {isa = PBXBuildFile; fileRef = BD7812FF2B6CC564003D12E6 /* SearchVC.swift */; };
		BD7813022B6CC587003D12E6 /* FavoriteVC.swift in Sources */ = {isa = PBXBuildFile; fileRef = BD7813012B6CC587003D12E6 /* FavoriteVC.swift */; };
		BD7813042B6CCF6B003D12E6 /* GFButton.swift in Sources */ = {isa = PBXBuildFile; fileRef = BD7813032B6CCF6B003D12E6 /* GFButton.swift */; };
		BD7813062B6CE1A5003D12E6 /* GFTextfield.swift in Sources */ = {isa = PBXBuildFile; fileRef = BD7813052B6CE1A5003D12E6 /* GFTextfield.swift */; };
		BD8B64D62B6F3BE000CA1C95 /* FollowerListVC.swift in Sources */ = {isa = PBXBuildFile; fileRef = BD8B64D52B6F3BE000CA1C95 /* FollowerListVC.swift */; };
		BD8B64D82B6F611600CA1C95 /* GFTitleLabel.swift in Sources */ = {isa = PBXBuildFile; fileRef = BD8B64D72B6F611600CA1C95 /* GFTitleLabel.swift */; };
		BDF6D8992B6CB5AF00778BED /* AppDelegate.swift in Sources */ = {isa = PBXBuildFile; fileRef = BDF6D8982B6CB5AF00778BED /* AppDelegate.swift */; };
		BDF6D89B2B6CB5AF00778BED /* SceneDelegate.swift in Sources */ = {isa = PBXBuildFile; fileRef = BDF6D89A2B6CB5AF00778BED /* SceneDelegate.swift */; };
		BDF6D89D2B6CB5AF00778BED /* ViewController.swift in Sources */ = {isa = PBXBuildFile; fileRef = BDF6D89C2B6CB5AF00778BED /* ViewController.swift */; };
		BDF6D8A22B6CB5B100778BED /* Assets.xcassets in Resources */ = {isa = PBXBuildFile; fileRef = BDF6D8A12B6CB5B100778BED /* Assets.xcassets */; };
		BDF6D8A52B6CB5B100778BED /* LaunchScreen.storyboard in Resources */ = {isa = PBXBuildFile; fileRef = BDF6D8A32B6CB5B100778BED /* LaunchScreen.storyboard */; };
/* End PBXBuildFile section */

/* Begin PBXFileReference section */
		BD7812FF2B6CC564003D12E6 /* SearchVC.swift */ = {isa = PBXFileReference; lastKnownFileType = sourcecode.swift; path = SearchVC.swift; sourceTree = "<group>"; };
		BD7813012B6CC587003D12E6 /* FavoriteVC.swift */ = {isa = PBXFileReference; lastKnownFileType = sourcecode.swift; path = FavoriteVC.swift; sourceTree = "<group>"; };
		BD7813032B6CCF6B003D12E6 /* GFButton.swift */ = {isa = PBXFileReference; lastKnownFileType = sourcecode.swift; path = GFButton.swift; sourceTree = "<group>"; };
		BD7813052B6CE1A5003D12E6 /* GFTextfield.swift */ = {isa = PBXFileReference; lastKnownFileType = sourcecode.swift; path = GFTextfield.swift; sourceTree = "<group>"; };
		BD8B64D52B6F3BE000CA1C95 /* FollowerListVC.swift */ = {isa = PBXFileReference; lastKnownFileType = sourcecode.swift; path = FollowerListVC.swift; sourceTree = "<group>"; };
		BD8B64D72B6F611600CA1C95 /* GFTitleLabel.swift */ = {isa = PBXFileReference; lastKnownFileType = sourcecode.swift; path = GFTitleLabel.swift; sourceTree = "<group>"; };
		BDF6D8952B6CB5AF00778BED /* GhFollowers.app */ = {isa = PBXFileReference; explicitFileType = wrapper.application; includeInIndex = 0; path = GhFollowers.app; sourceTree = BUILT_PRODUCTS_DIR; };
		BDF6D8982B6CB5AF00778BED /* AppDelegate.swift */ = {isa = PBXFileReference; lastKnownFileType = sourcecode.swift; path = AppDelegate.swift; sourceTree = "<group>"; };
		BDF6D89A2B6CB5AF00778BED /* SceneDelegate.swift */ = {isa = PBXFileReference; lastKnownFileType = sourcecode.swift; path = SceneDelegate.swift; sourceTree = "<group>"; };
		BDF6D89C2B6CB5AF00778BED /* ViewController.swift */ = {isa = PBXFileReference; lastKnownFileType = sourcecode.swift; path = ViewController.swift; sourceTree = "<group>"; };
		BDF6D8A12B6CB5B100778BED /* Assets.xcassets */ = {isa = PBXFileReference; lastKnownFileType = folder.assetcatalog; path = Assets.xcassets; sourceTree = "<group>"; };
		BDF6D8A42B6CB5B100778BED /* Base */ = {isa = PBXFileReference; lastKnownFileType = file.storyboard; name = Base; path = Base.lproj/LaunchScreen.storyboard; sourceTree = "<group>"; };
		BDF6D8A62B6CB5B100778BED /* Info.plist */ = {isa = PBXFileReference; lastKnownFileType = text.plist.xml; path = Info.plist; sourceTree = "<group>"; };
/* End PBXFileReference section */

/* Begin PBXFrameworksBuildPhase section */
		BDF6D8922B6CB5AF00778BED /* Frameworks */ = {
			isa = PBXFrameworksBuildPhase;
			buildActionMask = 2147483647;
			files = (
			);
			runOnlyForDeploymentPostprocessing = 0;
		};
/* End PBXFrameworksBuildPhase section */

/* Begin PBXGroup section */
		BDF6D88C2B6CB5AF00778BED = {
			isa = PBXGroup;
			children = (
				BDF6D8972B6CB5AF00778BED /* GhFollowers */,
				BDF6D8962B6CB5AF00778BED /* Products */,
			);
			sourceTree = "<group>";
		};
		BDF6D8962B6CB5AF00778BED /* Products */ = {
			isa = PBXGroup;
			children = (
				BDF6D8952B6CB5AF00778BED /* GhFollowers.app */,
			);
			name = Products;
			sourceTree = "<group>";
		};
		BDF6D8972B6CB5AF00778BED /* GhFollowers */ = {
			isa = PBXGroup;
			children = (
				BDF6D8982B6CB5AF00778BED /* AppDelegate.swift */,
				BDF6D89A2B6CB5AF00778BED /* SceneDelegate.swift */,
				BDF6D89C2B6CB5AF00778BED /* ViewController.swift */,
				BDF6D8A12B6CB5B100778BED /* Assets.xcassets */,
				BDF6D8A32B6CB5B100778BED /* LaunchScreen.storyboard */,
				BDF6D8A62B6CB5B100778BED /* Info.plist */,
				BD7812FF2B6CC564003D12E6 /* SearchVC.swift */,
				BD7813012B6CC587003D12E6 /* FavoriteVC.swift */,
				BD7813032B6CCF6B003D12E6 /* GFButton.swift */,
				BD7813052B6CE1A5003D12E6 /* GFTextfield.swift */,
				BD8B64D52B6F3BE000CA1C95 /* FollowerListVC.swift */,
				BD8B64D72B6F611600CA1C95 /* GFTitleLabel.swift */,
			);
			path = GhFollowers;
			sourceTree = "<group>";
		};
/* End PBXGroup section */

/* Begin PBXNativeTarget section */
		BDF6D8942B6CB5AF00778BED /* GhFollowers */ = {
			isa = PBXNativeTarget;
			buildConfigurationList = BDF6D8A92B6CB5B100778BED /* Build configuration list for PBXNativeTarget "GhFollowers" */;
			buildPhases = (
				BDF6D8912B6CB5AF00778BED /* Sources */,
				BDF6D8922B6CB5AF00778BED /* Frameworks */,
				BDF6D8932B6CB5AF00778BED /* Resources */,
			);
			buildRules = (
			);
			dependencies = (
			);
			name = GhFollowers;
			productName = GhFollowers;
			productReference = BDF6D8952B6CB5AF00778BED /* GhFollowers.app */;
			productType = "com.apple.product-type.application";
		};
/* End PBXNativeTarget section */

/* Begin PBXProject section */
		BDF6D88D2B6CB5AF00778BED /* Project object */ = {
			isa = PBXProject;
			attributes = {
				BuildIndependentTargetsInParallel = 1;
				LastSwiftUpdateCheck = 1520;
				LastUpgradeCheck = 1520;
				TargetAttributes = {
					BDF6D8942B6CB5AF00778BED = {
						CreatedOnToolsVersion = 15.2;
					};
				};
			};
			buildConfigurationList = BDF6D8902B6CB5AF00778BED /* Build configuration list for PBXProject "GhFollowers" */;
			compatibilityVersion = "Xcode 14.0";
			developmentRegion = en;
			hasScannedForEncodings = 0;
			knownRegions = (
				en,
				Base,
			);
			mainGroup = BDF6D88C2B6CB5AF00778BED;
			productRefGroup = BDF6D8962B6CB5AF00778BED /* Products */;
			projectDirPath = "";
			projectRoot = "";
			targets = (
				BDF6D8942B6CB5AF00778BED /* GhFollowers */,
			);
		};
/* End PBXProject section */

/* Begin PBXResourcesBuildPhase section */
		BDF6D8932B6CB5AF00778BED /* Resources */ = {
			isa = PBXResourcesBuildPhase;
			buildActionMask = 2147483647;
			files = (
				BDF6D8A52B6CB5B100778BED /* LaunchScreen.storyboard in Resources */,
				BDF6D8A22B6CB5B100778BED /* Assets.xcassets in Resources */,
			);
			runOnlyForDeploymentPostprocessing = 0;
		};
/* End PBXResourcesBuildPhase section */

/* Begin PBXSourcesBuildPhase section */
		BDF6D8912B6CB5AF00778BED /* Sources */ = {
			isa = PBXSourcesBuildPhase;
			buildActionMask = 2147483647;
			files = (
				BD7813002B6CC564003D12E6 /* SearchVC.swift in Sources */,
				BDF6D89D2B6CB5AF00778BED /* ViewController.swift in Sources */,
				BD7813062B6CE1A5003D12E6 /* GFTextfield.swift in Sources */,
				BD7813042B6CCF6B003D12E6 /* GFButton.swift in Sources */,
				BDF6D8992B6CB5AF00778BED /* AppDelegate.swift in Sources */,
				BDF6D89B2B6CB5AF00778BED /* SceneDelegate.swift in Sources */,
				BD8B64D82B6F611600CA1C95 /* GFTitleLabel.swift in Sources */,
				BD8B64D62B6F3BE000CA1C95 /* FollowerListVC.swift in Sources */,
				BD7813022B6CC587003D12E6 /* FavoriteVC.swift in Sources */,
			);
			runOnlyForDeploymentPostprocessing = 0;
		};
/* End PBXSourcesBuildPhase section */

/* Begin PBXVariantGroup section */
		BDF6D8A32B6CB5B100778BED /* LaunchScreen.storyboard */ = {
			isa = PBXVariantGroup;
			children = (
				BDF6D8A42B6CB5B100778BED /* Base */,
			);
			name = LaunchScreen.storyboard;
			sourceTree = "<group>";
		};
/* End PBXVariantGroup section */

/* Begin XCBuildConfiguration section */
		BDF6D8A72B6CB5B100778BED /* Debug */ = {
			isa = XCBuildConfiguration;
			buildSettings = {
				ALWAYS_SEARCH_USER_PATHS = NO;
				ASSETCATALOG_COMPILER_GENERATE_SWIFT_ASSET_SYMBOL_EXTENSIONS = YES;
				CLANG_ANALYZER_NONNULL = YES;
				CLANG_ANALYZER_NUMBER_OBJECT_CONVERSION = YES_AGGRESSIVE;
				CLANG_CXX_LANGUAGE_STANDARD = "gnu++20";
				CLANG_ENABLE_MODULES = YES;
				CLANG_ENABLE_OBJC_ARC = YES;
				CLANG_ENABLE_OBJC_WEAK = YES;
				CLANG_WARN_BLOCK_CAPTURE_AUTORELEASING = YES;
				CLANG_WARN_BOOL_CONVERSION = YES;
				CLANG_WARN_COMMA = YES;
				CLANG_WARN_CONSTANT_CONVERSION = YES;
				CLANG_WARN_DEPRECATED_OBJC_IMPLEMENTATIONS = YES;
				CLANG_WARN_DIRECT_OBJC_ISA_USAGE = YES_ERROR;
				CLANG_WARN_DOCUMENTATION_COMMENTS = YES;
				CLANG_WARN_EMPTY_BODY = YES;
				CLANG_WARN_ENUM_CONVERSION = YES;
				CLANG_WARN_INFINITE_RECURSION = YES;
				CLANG_WARN_INT_CONVERSION = YES;
				CLANG_WARN_NON_LITERAL_NULL_CONVERSION = YES;
				CLANG_WARN_OBJC_IMPLICIT_RETAIN_SELF = YES;
				CLANG_WARN_OBJC_LITERAL_CONVERSION = YES;
				CLANG_WARN_OBJC_ROOT_CLASS = YES_ERROR;
				CLANG_WARN_QUOTED_INCLUDE_IN_FRAMEWORK_HEADER = YES;
				CLANG_WARN_RANGE_LOOP_ANALYSIS = YES;
				CLANG_WARN_STRICT_PROTOTYPES = YES;
				CLANG_WARN_SUSPICIOUS_MOVE = YES;
				CLANG_WARN_UNGUARDED_AVAILABILITY = YES_AGGRESSIVE;
				CLANG_WARN_UNREACHABLE_CODE = YES;
				CLANG_WARN__DUPLICATE_METHOD_MATCH = YES;
				COPY_PHASE_STRIP = NO;
				DEBUG_INFORMATION_FORMAT = dwarf;
				ENABLE_STRICT_OBJC_MSGSEND = YES;
				ENABLE_TESTABILITY = YES;
				ENABLE_USER_SCRIPT_SANDBOXING = YES;
				GCC_C_LANGUAGE_STANDARD = gnu17;
				GCC_DYNAMIC_NO_PIC = NO;
				GCC_NO_COMMON_BLOCKS = YES;
				GCC_OPTIMIZATION_LEVEL = 0;
				GCC_PREPROCESSOR_DEFINITIONS = (
					"DEBUG=1",
					"$(inherited)",
				);
				GCC_WARN_64_TO_32_BIT_CONVERSION = YES;
				GCC_WARN_ABOUT_RETURN_TYPE = YES_ERROR;
				GCC_WARN_UNDECLARED_SELECTOR = YES;
				GCC_WARN_UNINITIALIZED_AUTOS = YES_AGGRESSIVE;
				GCC_WARN_UNUSED_FUNCTION = YES;
				GCC_WARN_UNUSED_VARIABLE = YES;
				IPHONEOS_DEPLOYMENT_TARGET = 17.2;
				LOCALIZATION_PREFERS_STRING_CATALOGS = YES;
				MTL_ENABLE_DEBUG_INFO = INCLUDE_SOURCE;
				MTL_FAST_MATH = YES;
				ONLY_ACTIVE_ARCH = YES;
				SDKROOT = iphoneos;
				SWIFT_ACTIVE_COMPILATION_CONDITIONS = "DEBUG $(inherited)";
				SWIFT_OPTIMIZATION_LEVEL = "-Onone";
			};
			name = Debug;
		};
		BDF6D8A82B6CB5B100778BED /* Release */ = {
			isa = XCBuildConfiguration;
			buildSettings = {
				ALWAYS_SEARCH_USER_PATHS = NO;
				ASSETCATALOG_COMPILER_GENERATE_SWIFT_ASSET_SYMBOL_EXTENSIONS = YES;
				CLANG_ANALYZER_NONNULL = YES;
				CLANG_ANALYZER_NUMBER_OBJECT_CONVERSION = YES_AGGRESSIVE;
				CLANG_CXX_LANGUAGE_STANDARD = "gnu++20";
				CLANG_ENABLE_MODULES = YES;
				CLANG_ENABLE_OBJC_ARC = YES;
				CLANG_ENABLE_OBJC_WEAK = YES;
				CLANG_WARN_BLOCK_CAPTURE_AUTORELEASING = YES;
				CLANG_WARN_BOOL_CONVERSION = YES;
				CLANG_WARN_COMMA = YES;
				CLANG_WARN_CONSTANT_CONVERSION = YES;
				CLANG_WARN_DEPRECATED_OBJC_IMPLEMENTATIONS = YES;
				CLANG_WARN_DIRECT_OBJC_ISA_USAGE = YES_ERROR;
				CLANG_WARN_DOCUMENTATION_COMMENTS = YES;
				CLANG_WARN_EMPTY_BODY = YES;
				CLANG_WARN_ENUM_CONVERSION = YES;
				CLANG_WARN_INFINITE_RECURSION = YES;
				CLANG_WARN_INT_CONVERSION = YES;
				CLANG_WARN_NON_LITERAL_NULL_CONVERSION = YES;
				CLANG_WARN_OBJC_IMPLICIT_RETAIN_SELF = YES;
				CLANG_WARN_OBJC_LITERAL_CONVERSION = YES;
				CLANG_WARN_OBJC_ROOT_CLASS = YES_ERROR;
				CLANG_WARN_QUOTED_INCLUDE_IN_FRAMEWORK_HEADER = YES;
				CLANG_WARN_RANGE_LOOP_ANALYSIS = YES;
				CLANG_WARN_STRICT_PROTOTYPES = YES;
				CLANG_WARN_SUSPICIOUS_MOVE = YES;
				CLANG_WARN_UNGUARDED_AVAILABILITY = YES_AGGRESSIVE;
				CLANG_WARN_UNREACHABLE_CODE = YES;
				CLANG_WARN__DUPLICATE_METHOD_MATCH = YES;
				COPY_PHASE_STRIP = NO;
				DEBUG_INFORMATION_FORMAT = "dwarf-with-dsym";
				ENABLE_NS_ASSERTIONS = NO;
				ENABLE_STRICT_OBJC_MSGSEND = YES;
				ENABLE_USER_SCRIPT_SANDBOXING = YES;
				GCC_C_LANGUAGE_STANDARD = gnu17;
				GCC_NO_COMMON_BLOCKS = YES;
				GCC_WARN_64_TO_32_BIT_CONVERSION = YES;
				GCC_WARN_ABOUT_RETURN_TYPE = YES_ERROR;
				GCC_WARN_UNDECLARED_SELECTOR = YES;
				GCC_WARN_UNINITIALIZED_AUTOS = YES_AGGRESSIVE;
				GCC_WARN_UNUSED_FUNCTION = YES;
				GCC_WARN_UNUSED_VARIABLE = YES;
				IPHONEOS_DEPLOYMENT_TARGET = 17.2;
				LOCALIZATION_PREFERS_STRING_CATALOGS = YES;
				MTL_ENABLE_DEBUG_INFO = NO;
				MTL_FAST_MATH = YES;
				SDKROOT = iphoneos;
				SWIFT_COMPILATION_MODE = wholemodule;
				VALIDATE_PRODUCT = YES;
			};
			name = Release;
		};
		BDF6D8AA2B6CB5B100778BED /* Debug */ = {
			isa = XCBuildConfiguration;
			buildSettings = {
				ASSETCATALOG_COMPILER_APPICON_NAME = AppIcon;
				ASSETCATALOG_COMPILER_GLOBAL_ACCENT_COLOR_NAME = AccentColor;
				CODE_SIGN_STYLE = Automatic;
				CURRENT_PROJECT_VERSION = 1;
				DEVELOPMENT_TEAM = 2W6JX5D446;
				GENERATE_INFOPLIST_FILE = YES;
				INFOPLIST_FILE = GhFollowers/Info.plist;
				INFOPLIST_KEY_UIApplicationSupportsIndirectInputEvents = YES;
				INFOPLIST_KEY_UILaunchStoryboardName = LaunchScreen;
				INFOPLIST_KEY_UISupportedInterfaceOrientations = UIInterfaceOrientationPortrait;
				INFOPLIST_KEY_UISupportedInterfaceOrientations_iPad = "UIInterfaceOrientationPortrait UIInterfaceOrientationPortraitUpsideDown";
				IPHONEOS_DEPLOYMENT_TARGET = 16.0;
				LD_RUNPATH_SEARCH_PATHS = (
					"$(inherited)",
					"@executable_path/Frameworks",
				);
				MARKETING_VERSION = 1.0;
				PRODUCT_BUNDLE_IDENTIFIER = jackLee.GhFollowers;
				PRODUCT_NAME = "$(TARGET_NAME)";
				SUPPORTED_PLATFORMS = "iphoneos iphonesimulator";
				SUPPORTS_MACCATALYST = NO;
				SWIFT_EMIT_LOC_STRINGS = YES;
				SWIFT_VERSION = 5.0;
				TARGETED_DEVICE_FAMILY = 1;
			};
			name = Debug;
		};
		BDF6D8AB2B6CB5B100778BED /* Release */ = {
			isa = XCBuildConfiguration;
			buildSettings = {
				ASSETCATALOG_COMPILER_APPICON_NAME = AppIcon;
				ASSETCATALOG_COMPILER_GLOBAL_ACCENT_COLOR_NAME = AccentColor;
				CODE_SIGN_STYLE = Automatic;
				CURRENT_PROJECT_VERSION = 1;
				DEVELOPMENT_TEAM = 2W6JX5D446;
				GENERATE_INFOPLIST_FILE = YES;
				INFOPLIST_FILE = GhFollowers/Info.plist;
				INFOPLIST_KEY_UIApplicationSupportsIndirectInputEvents = YES;
				INFOPLIST_KEY_UILaunchStoryboardName = LaunchScreen;
				INFOPLIST_KEY_UISupportedInterfaceOrientations = UIInterfaceOrientationPortrait;
				INFOPLIST_KEY_UISupportedInterfaceOrientations_iPad = "UIInterfaceOrientationPortrait UIInterfaceOrientationPortraitUpsideDown";
				IPHONEOS_DEPLOYMENT_TARGET = 16.0;
				LD_RUNPATH_SEARCH_PATHS = (
					"$(inherited)",
					"@executable_path/Frameworks",
				);
				MARKETING_VERSION = 1.0;
				PRODUCT_BUNDLE_IDENTIFIER = jackLee.GhFollowers;
				PRODUCT_NAME = "$(TARGET_NAME)";
				SUPPORTED_PLATFORMS = "iphoneos iphonesimulator";
				SUPPORTS_MACCATALYST = NO;
				SWIFT_EMIT_LOC_STRINGS = YES;
				SWIFT_VERSION = 5.0;
				TARGETED_DEVICE_FAMILY = 1;
			};
			name = Release;
		};
/* End XCBuildConfiguration section */

/* Begin XCConfigurationList section */
		BDF6D8902B6CB5AF00778BED /* Build configuration list for PBXProject "GhFollowers" */ = {
			isa = XCConfigurationList;
			buildConfigurations = (
				BDF6D8A72B6CB5B100778BED /* Debug */,
				BDF6D8A82B6CB5B100778BED /* Release */,
			);
			defaultConfigurationIsVisible = 0;
			defaultConfigurationName = Release;
		};
		BDF6D8A92B6CB5B100778BED /* Build configuration list for PBXNativeTarget "GhFollowers" */ = {
			isa = XCConfigurationList;
			buildConfigurations = (
				BDF6D8AA2B6CB5B100778BED /* Debug */,
				BDF6D8AB2B6CB5B100778BED /* Release */,
			);
			defaultConfigurationIsVisible = 0;
			defaultConfigurationName = Release;
		};
/* End XCConfigurationList section */
	};
	rootObject = BDF6D88D2B6CB5AF00778BED /* Project object */;
}
